github.com/davecgh/go-spew v1.1.1 h1:vj9j/u1bqnvCEfJOwUhtlOARqs3+rkHYY13jYWTU97c=
github.com/davecgh/go-spew v1.1.1/go.mod h1:J7Y8YcW2NihsgmVo/mv3lAwl/skON4iLHjSsI+c5H38=
github.com/gorilla/websocket v1.4.0 h1:WDFjx/TMzVgy9VdMMQi2K2Emtwi2QcUQsztZ/zLaH/Q=
github.com/gorilla/websocket v1.4.0/go.mod h1:E7qHFY5m1UJ88s3WnNqhKjPHQ0heANvMoAMk2YaljkQ=
github.com/graph-gophers/graphql-go v0.0.0-20181022222113-940d2b01f254 h1:Gd6QMlLJkeKotfK3HX2B6YkJNK5BWe0cLgPofJQNI4g=
github.com/graph-gophers/graphql-go v0.0.0-20181022222113-940d2b01f254/go.mod h1:aRnZGurV3LlZ1Y+ygyx1mAV6OUfq+nu6OgpJ6jKgZ3g=
github.com/graph-gophers/graphql-go v0.0.0-20181128220952-0079757a4d96 h1:vMgebmGw0XghaOezuKNqfPiNrCM/X6HgpqLx7GJZvxI=
github.com/graph-gophers/graphql-go v0.0.0-20181128220952-0079757a4d96/go.mod h1:aRnZGurV3LlZ1Y+ygyx1mAV6OUfq+nu6OgpJ6jKgZ3g=
github.com/graph-gophers/graphql-transport-ws v0.0.0-20181018011518-374d1ed2bcc9 h1:hfftVIOjhd6epw5K2yddl7/d6WkR8WeEthV5FNyzYLs=
github.com/graph-gophers/graphql-transport-ws v0.0.0-20181018011518-374d1ed2bcc9/go.mod h1:mA6VjyefgI7zd37tC3zopb51mW39gSfnEoWvtnxsqKQ=
github.com/graph-gophers/graphql-transport-ws v0.0.0-20181129022607-40b8cf7c0060 h1:B2EIwB0lR336zU77c8r/b5clIE5UcjZicUi6GjXcjdw=
github.com/graph-gophers/graphql-transport-ws v0.0.0-20181129022607-40b8cf7c0060/go.mod h1:mA6VjyefgI7zd37tC3zopb51mW39gSfnEoWvtnxsqKQ=
github.com/opentracing/opentracing-go v1.0.2 h1:3jA2P6O1F9UOrWVpwrIo17pu01KWvNWg4X946/Y5Zwg=
github.com/opentracing/opentracing-go v1.0.2/go.mod h1:UkNAQd3GIcIGf0SeVgPpRdFStlNbqXla1AfSYxPUl2o=
github.com/pmezard/go-difflib v1.0.0 h1:4DBwDE0NGyQoBHbLQYPwSUPoCMWR5BEzIk/f1lZbAQM=
github.com/pmezard/go-difflib v1.0.0/go.mod h1:iKH77koFhYxTK1pcRnkKkqfTogsbg7gZNVY4sRDYZ/4=
github.com/stretchr/objx v0.1.1 h1:2vfRuCMp5sSVIDSqO8oNnWJq7mPa6KVP3iPIwFBuy8A=
github.com/stretchr/objx v0.1.1/go.mod h1:HFkY916IF+rwdDfMAkV7OtwuqBVzrE8GR6GFx+wExME=
github.com/stretchr/testify v1.2.2 h1:bSDNvY7ZPG5RlJ8otE/7V6gMiyenm9RtJ7IUVIAoJ1w=
github.com/stretchr/testify v1.2.2/go.mod h1:a8OnRcib4nhh0OaRAV+Yts87kKdq0PP7pXfy6kDkUVs=
golang.org/x/net v0.0.0-20180530234432-1e491301e022 h1:MVYFTUmVD3/+ERcvRRI+P/C2+WOUimXh+Pd8LVsklZ4=
golang.org/x/net v0.0.0-20180530234432-1e491301e022/go.mod h1:mL1N/T3taQHkDXs73rZJwtUhF3w3ftmwwsq0BUmARs4=
