# This file is autogenerated, do not edit; changes may be undone by the next 'dep ensure'.


[[projects]]
  digest = "1:7b5c6e2eeaa9ae5907c391a91c132abfd5c9e8a784a341b5625e750c67e6825d"
  name = "github.com/gorilla/websocket"
  packages = ["."]
  pruneopts = "UT"
  revision = "66b9c49e59c6c48f0ffce28c2d8b8a5678502c6d"
  version = "v1.4.0"

[[projects]]
  branch = "master"
  digest = "1:ff0333317e5ce03c571d19a3042a5a71d611b59e24eac37a4d1fb781aa7e79c3"
  name = "github.com/graph-gophers/graphql-go"
  packages = [
    ".",
    "errors",
    "internal/common",
    "internal/exec",
    "internal/exec/packer",
    "internal/exec/resolvable",
    "internal/exec/selected",
    "internal/query",
    "internal/schema",
    "internal/validation",
    "introspection",
    "log",
    "relay",
    "trace",
  ]
  pruneopts = "UT"
  revision = "940d2b01f2549ee5d9e87141ea909134bf56e3a9"

[[projects]]
  branch = "master"
  digest = "1:99c5655392a2eaf4f1e0240af14686d68f32a3b880e1566c8dca1a1881f1dc64"
  name = "github.com/graph-gophers/graphql-transport-ws"
  packages = [
    "graphqlws",
    "graphqlws/event",
    "graphqlws/internal/connection",
  ]
  pruneopts = "UT"
  revision = "374d1ed2bcc9040998c2abce4b97c6a7c5dc4d4b"

[[projects]]
  digest = "1:450b7623b185031f3a456801155c8320209f75d0d4c4e633c6b1e59d44d6e392"
  name = "github.com/opentracing/opentracing-go"
  packages = [
    ".",
    "ext",
    "log",
  ]
  pruneopts = "UT"
  revision = "1949ddbfd147afd4d964a9f00b24eb291e0e7c38"
  version = "v1.0.2"

[[projects]]
  branch = "master"
  digest = "1:76ee51c3f468493aff39dbacc401e8831fbb765104cbf613b89bef01cf4bad70"
  name = "golang.org/x/net"
  packages = ["context"]
  pruneopts = "UT"
  revision = "1e491301e022f8f977054da4c2d852decd59571f"

[solve-meta]
  analyzer-name = "dep"
  analyzer-version = 1
  input-imports = [
    "github.com/gorilla/websocket",
    "github.com/graph-gophers/graphql-go",
    "github.com/graph-gophers/graphql-go/relay",
    "github.com/graph-gophers/graphql-transport-ws/graphqlws",
    "github.com/graph-gophers/graphql-transport-ws/graphqlws/event",
  ]
  solver-name = "gps-cdcl"
  solver-version = 1
